<Solution>
  <Folder Name="/Services/" />
  <Folder Name="/Services/Catalog/">
    <Project Path="Services/Catalog/Microservis.Catalog/Microservis.Catalog.csproj" />
  </Folder>
  <Folder Name="/Services/Discount/">
    <Project Path="Services/Discount/Mikroservis.Discount/Mikroservis.Discount.csproj" Id="c679b297-d2cc-48db-9803-563522d700f4" />
  </Folder>
  <Folder Name="/Services/Order/" />
  <Folder Name="/Services/Order/Core/">
    <Project Path="Services/Order/Core/Microservis.Order.Application/Microservis.Order.Application.csproj" Id="337e0f25-a62f-4ea9-a34c-71a59becb87c" />
    <Project Path="Services/Order/Core/Microservis.Order.Domain/Microservis.Order.Domain.csproj" Id="ef6ff7d0-3b5c-4c3e-9a94-8f03b453b119" />
  </Folder>
  <Folder Name="/Services/Order/Infrastructure/">
    <Project Path="Services/Order/Infrastructure/Microservis.Order.Persistence/Microservis.Order.Persistence.csproj" Id="42488d6b-fe67-4816-adbd-fc5ba980664a" />
  </Folder>
  <Folder Name="/Services/Order/Presentation/">
    <Project Path="Services/Order/Presentation/Mikroservis.Order.WebApi/Mikroservis.Order.WebApi.csproj" Id="bacbb1bd-fc5c-44e0-80b8-844ebe251421" />
  </Folder>
</Solution>
